
Microsoft Visual Studio Solution File, Format Version 12.00
# Visual Studio Version 16
VisualStudioVersion = 16.0.30517.126
MinimumVisualStudioVersion = 10.0.40219.1
Project("{FAE04EC0-301F-11D3-BF4B-00C04F79EFBC}") = "NusRipper", "NusRipper\NusRipper.csproj", "{75D1A5B7-4A2C-41F8-AF3D-1BD7AD1F42C9}"
EndProject
Global
	GlobalSection(SolutionConfigurationPlatforms) = preSolution
		Debug|Any CPU = Debug|Any CPU
		Release|Any CPU = Release|Any CPU
	EndGlobalSection
	GlobalSection(ProjectConfigurationPlatforms) = postSolution
		{75D1A5B7-4A2C-41F8-AF3D-1BD7AD1F42C9}.Debug|Any CPU.ActiveCfg = Debug|Any CPU
		{75D1A5B7-4A2C-41F8-AF3D-1BD7AD1F42C9}.Debug|Any CPU.Build.0 = Debug|Any CPU
		{75D1A5B7-4A2C-41F8-AF3D-1BD7AD1F42C9}.Release|Any CPU.ActiveCfg = Release|Any CPU
		{75D1A5B7-4A2C-41F8-AF3D-1BD7AD1F42C9}.Release|Any CPU.Build.0 = Release|Any CPU
	EndGlobalSection
	GlobalSection(SolutionProperties) = preSolution
		HideSolutionNode = FALSE
	EndGlobalSection
	GlobalSection(ExtensibilityGlobals) = postSolution
		SolutionGuid = {CD7AF5DF-6461-42F9-8216-1829C5A37EFA}
	EndGlobalSection
EndGlobal
